
Microsoft Visual Studio Solution File, Format Version 12.00
# Visual Studio Version 16
VisualStudioVersion = 16.0.31313.79
MinimumVisualStudioVersion = 10.0.40219.1
Project("{FAE04EC0-301F-11D3-BF4B-00C04F79EFBC}") = "Snake_Ladder", "Snake_Ladder\Snake_Ladder.csproj", "{598A0223-FD42-49D9-8156-467F96F8B80B}"
EndProject
Global
	GlobalSection(SolutionConfigurationPlatforms) = preSolution
		Debug|Any CPU = Debug|Any CPU
		Release|Any CPU = Release|Any CPU
	EndGlobalSection
	GlobalSection(ProjectConfigurationPlatforms) = postSolution
		{598A0223-FD42-49D9-8156-467F96F8B80B}.Debug|Any CPU.ActiveCfg = Debug|Any CPU
		{598A0223-FD42-49D9-8156-467F96F8B80B}.Debug|Any CPU.Build.0 = Debug|Any CPU
		{598A0223-FD42-49D9-8156-467F96F8B80B}.Release|Any CPU.ActiveCfg = Release|Any CPU
		{598A0223-FD42-49D9-8156-467F96F8B80B}.Release|Any CPU.Build.0 = Release|Any CPU
	EndGlobalSection
	GlobalSection(SolutionProperties) = preSolution
		HideSolutionNode = FALSE
	EndGlobalSection
	GlobalSection(ExtensibilityGlobals) = postSolution
		SolutionGuid = {50FCC29C-144B-4048-AD4B-0ED77BAA1F4C}
	EndGlobalSection
EndGlobal
